
Microsoft Visual Studio Solution File, Format Version 12.00
# Visual Studio Version 17
VisualStudioVersion = 17.7.34031.279
MinimumVisualStudioVersion = 10.0.40219.1
Project("{FAE04EC0-301F-11D3-BF4B-00C04F79EFBC}") = "pr43savichev", "pr43savichev.csproj", "{693D8807-F09D-49D8-8610-B31B966FA918}"
EndProject
Global
	GlobalSection(SolutionConfigurationPlatforms) = preSolution
		Debug|Any CPU = Debug|Any CPU
		Release|Any CPU = Release|Any CPU
	EndGlobalSection
	GlobalSection(ProjectConfigurationPlatforms) = postSolution
		{693D8807-F09D-49D8-8610-B31B966FA918}.Debug|Any CPU.ActiveCfg = Debug|Any CPU
		{693D8807-F09D-49D8-8610-B31B966FA918}.Debug|Any CPU.Build.0 = Debug|Any CPU
		{693D8807-F09D-49D8-8610-B31B966FA918}.Release|Any CPU.ActiveCfg = Release|Any CPU
		{693D8807-F09D-49D8-8610-B31B966FA918}.Release|Any CPU.Build.0 = Release|Any CPU
	EndGlobalSection
	GlobalSection(SolutionProperties) = preSolution
		HideSolutionNode = FALSE
	EndGlobalSection
	GlobalSection(ExtensibilityGlobals) = postSolution
		SolutionGuid = {A8E1B5E3-8EA1-44EE-BB20-0E6983AF4463}
	EndGlobalSection
EndGlobal
